github.com/lib/pq v1.11.1 h1:wuChtj2hfsGmmx3nf1m7xC2XpK6OtelS2shMY+bGMtI=
github.com/lib/pq v1.11.1/go.mod h1:/p+8NSbOcwzAEI7wiMXFlgydTwcgTr3OSKMsD2BitpA=
github.com/mattn/go-sqlite3 v1.14.34 h1:3NtcvcUnFBPsuRcno8pUtupspG/GM+9nZ88zgJcp6Zk=
github.com/mattn/go-sqlite3 v1.14.34/go.mod h1:Uh1q+B4BYcTPb+yiD3kU8Ct7aC0hY9fxUwlHK0RXw+Y=
github.com/nalgeon/be v0.3.0 h1:QsPANqEtcOD5qT2S3KAtIkDBBn8SXUf/Lb5Bi/z4UqM=
github.com/nalgeon/be v0.3.0/go.mod h1:PMwMuBLopwKJkSHnr2qHyLcZYUTqNejN7A8RAqNWO3E=
github.com/nalgeon/redka v1.0.1 h1:/k376Oqe266OjInETgyH/Y5VoDuV+PjjO/1bLAcgQ9s=
github.com/nalgeon/redka v1.0.1/go.mod h1:rNObE18NUBoIs8tVRaswfqFJOqTIk35ek2OAzshfmK0=
