github.com/lib/pq v1.10.9 h1:YXG7RB+JIjhP29X+OtkiDnYaXQwpS4JEWq7dtCCRUEw=
github.com/lib/pq v1.10.9/go.mod h1:AlVN5x4E4T544tWzH6hKfbfQvm3HdbOxrmggDNAPY9o=
github.com/mattn/go-sqlite3 v1.14.28 h1:ThEiQrnbtumT+QMknw63Befp/ce/nUPgBPMlRFEum7A=
github.com/mattn/go-sqlite3 v1.14.28/go.mod h1:Uh1q+B4BYcTPb+yiD3kU8Ct7aC0hY9fxUwlHK0RXw+Y=
github.com/nalgeon/be v0.2.0 h1:i1Rsh0F+aNnHdbgph5Cy8Xm5uMVeWrUpm1olgzlPsMo=
github.com/nalgeon/be v0.2.0/go.mod h1:PMwMuBLopwKJkSHnr2qHyLcZYUTqNejN7A8RAqNWO3E=
github.com/nalgeon/redka v0.6.0 h1:qfruVrCAWXoeMJPwAZNGHcwB3YQjFXNQwxP8dZDG5YY=
github.com/nalgeon/redka v0.6.0/go.mod h1:KaWQa9x36u0fqXY6k2fyGJDWqMak6kbPNuL/Jx1v2nM=
